
Microsoft Visual Studio Solution File, Format Version 12.00
# Visual Studio Version 17
VisualStudioVersion = 17.3.32929.385
MinimumVisualStudioVersion = 10.0.40219.1
Project("{FAE04EC0-301F-11D3-BF4B-00C04F79EFBC}") = "PR4_C", "PR4_C.csproj", "{A18B13EA-2645-4354-8402-27ABA7BC4197}"
EndProject
Global
	GlobalSection(SolutionConfigurationPlatforms) = preSolution
		Debug|Any CPU = Debug|Any CPU
		Release|Any CPU = Release|Any CPU
	EndGlobalSection
	GlobalSection(ProjectConfigurationPlatforms) = postSolution
		{A18B13EA-2645-4354-8402-27ABA7BC4197}.Debug|Any CPU.ActiveCfg = Debug|Any CPU
		{A18B13EA-2645-4354-8402-27ABA7BC4197}.Debug|Any CPU.Build.0 = Debug|Any CPU
		{A18B13EA-2645-4354-8402-27ABA7BC4197}.Release|Any CPU.ActiveCfg = Release|Any CPU
		{A18B13EA-2645-4354-8402-27ABA7BC4197}.Release|Any CPU.Build.0 = Release|Any CPU
	EndGlobalSection
	GlobalSection(SolutionProperties) = preSolution
		HideSolutionNode = FALSE
	EndGlobalSection
	GlobalSection(ExtensibilityGlobals) = postSolution
		SolutionGuid = {7C874A8A-1448-402D-ACA9-242D0560255C}
	EndGlobalSection
EndGlobal
